// !$*UTF8*$!
{
	archiveVersion = 1;
	classes = {
	};
	objectVersion = 50;
	objects = {

/* Begin PBXBuildFile section */
		6ECC8E1824943AB400470290 /* AppDelegate.swift in Sources */ = {isa = PBXBuildFile; fileRef = 6ECC8E1724943AB400470290 /* AppDelegate.swift */; };
		6ECC8E1A24943AB400470290 /* SceneDelegate.swift in Sources */ = {isa = PBXBuildFile; fileRef = 6ECC8E1924943AB400470290 /* SceneDelegate.swift */; };
		6ECC8E1C24943AB400470290 /* ViewController.swift in Sources */ = {isa = PBXBuildFile; fileRef = 6ECC8E1B24943AB400470290 /* ViewController.swift */; };
		6ECC8E1F24943AB400470290 /* Main.storyboard in Resources */ = {isa = PBXBuildFile; fileRef = 6ECC8E1D24943AB400470290 /* Main.storyboard */; };
		6ECC8E2124943AB500470290 /* Assets.xcassets in Resources */ = {isa = PBXBuildFile; fileRef = 6ECC8E2024943AB500470290 /* Assets.xcassets */; };
		6ECC8E2424943AB500470290 /* LaunchScreen.storyboard in Resources */ = {isa = PBXBuildFile; fileRef = 6ECC8E2224943AB500470290 /* LaunchScreen.storyboard */; };
		6ECC8E2F24943AB500470290 /* LightTests.swift in Sources */ = {isa = PBXBuildFile; fileRef = 6ECC8E2E24943AB500470290 /* LightTests.swift */; };
		6ECC8E3A24943AB500470290 /* LightUITests.swift in Sources */ = {isa = PBXBuildFile; fileRef = 6ECC8E3924943AB500470290 /* LightUITests.swift */; };
/* End PBXBuildFile section */

/* Begin PBXContainerItemProxy section */
		6ECC8E2B24943AB500470290 /* PBXContainerItemProxy */ = {
			isa = PBXContainerItemProxy;
			containerPortal = 6ECC8E0C24943AB400470290 /* Project object */;
			proxyType = 1;
			remoteGlobalIDString = 6ECC8E1324943AB400470290;
			remoteInfo = Light;
		};
		6ECC8E3624943AB500470290 /* PBXContainerItemProxy */ = {
			isa = PBXContainerItemProxy;
			containerPortal = 6ECC8E0C24943AB400470290 /* Project object */;
			proxyType = 1;
			remoteGlobalIDString = 6ECC8E1324943AB400470290;
			remoteInfo = Light;
		};
/* End PBXContainerItemProxy section */

/* Begin PBXFileReference section */
		6ECC8E1424943AB400470290 /* Light.app */ = {isa = PBXFileReference; explicitFileType = wrapper.application; includeInIndex = 0; path = Light.app; sourceTree = BUILT_PRODUCTS_DIR; };
		6ECC8E1724943AB400470290 /* AppDelegate.swift */ = {isa = PBXFileReference; lastKnownFileType = sourcecode.swift; path = AppDelegate.swift; sourceTree = "<group>"; };
		6ECC8E1924943AB400470290 /* SceneDelegate.swift */ = {isa = PBXFileReference; lastKnownFileType = sourcecode.swift; path = SceneDelegate.swift; sourceTree = "<group>"; };
		6ECC8E1B24943AB400470290 /* ViewController.swift */ = {isa = PBXFileReference; lastKnownFileType = sourcecode.swift; path = ViewController.swift; sourceTree = "<group>"; };
		6ECC8E1E24943AB400470290 /* Base */ = {isa = PBXFileReference; lastKnownFileType = file.storyboard; name = Base; path = Base.lproj/Main.storyboard; sourceTree = "<group>"; };
		6ECC8E2024943AB500470290 /* Assets.xcassets */ = {isa = PBXFileReference; lastKnownFileType = folder.assetcatalog; path = Assets.xcassets; sourceTree = "<group>"; };
		6ECC8E2324943AB500470290 /* Base */ = {isa = PBXFileReference; lastKnownFileType = file.storyboard; name = Base; path = Base.lproj/LaunchScreen.storyboard; sourceTree = "<group>"; };
		6ECC8E2524943AB500470290 /* Info.plist */ = {isa = PBXFileReference; lastKnownFileType = text.plist.xml; path = Info.plist; sourceTree = "<group>"; };
		6ECC8E2A24943AB500470290 /* LightTests.xctest */ = {isa = PBXFileReference; explicitFileType = wrapper.cfbundle; includeInIndex = 0; path = LightTests.xctest; sourceTree = BUILT_PRODUCTS_DIR; };
		6ECC8E2E24943AB500470290 /* LightTests.swift */ = {isa = PBXFileReference; lastKnownFileType = sourcecode.swift; path = LightTests.swift; sourceTree = "<group>"; };
		6ECC8E3024943AB500470290 /* Info.plist */ = {isa = PBXFileReference; lastKnownFileType = text.plist.xml; path = Info.plist; sourceTree = "<group>"; };
		6ECC8E3524943AB500470290 /* LightUITests.xctest */ = {isa = PBXFileReference; explicitFileType = wrapper.cfbundle; includeInIndex = 0; path = LightUITests.xctest; sourceTree = BUILT_PRODUCTS_DIR; };
		6ECC8E3924943AB500470290 /* LightUITests.swift */ = {isa = PBXFileReference; lastKnownFileType = sourcecode.swift; path = LightUITests.swift; sourceTree = "<group>"; };
		6ECC8E3B24943AB500470290 /* Info.plist */ = {isa = PBXFileReference; lastKnownFileType = text.plist.xml; path = Info.plist; sourceTree = "<group>"; };
/* End PBXFileReference section */

/* Begin PBXFrameworksBuildPhase section */
		6ECC8E1124943AB400470290 /* Frameworks */ = {
			isa = PBXFrameworksBuildPhase;
			buildActionMask = 2147483647;
			files = (
			);
			runOnlyForDeploymentPostprocessing = 0;
		};
		6ECC8E2724943AB500470290 /* Frameworks */ = {
			isa = PBXFrameworksBuildPhase;
			buildActionMask = 2147483647;
			files = (
			);
			runOnlyForDeploymentPostprocessing = 0;
		};
		6ECC8E3224943AB500470290 /* Frameworks */ = {
			isa = PBXFrameworksBuildPhase;
			buildActionMask = 2147483647;
			files = (
			);
			runOnlyForDeploymentPostprocessing = 0;
		};
/* End PBXFrameworksBuildPhase section */

/* Begin PBXGroup section */
		6ECC8E0B24943AB400470290 = {
			isa = PBXGroup;
			children = (
				6ECC8E1624943AB400470290 /* Light */,
				6ECC8E2D24943AB500470290 /* LightTests */,
				6ECC8E3824943AB500470290 /* LightUITests */,
				6ECC8E1524943AB400470290 /* Products */,
			);
			sourceTree = "<group>";
		};
		6ECC8E1524943AB400470290 /* Products */ = {
			isa = PBXGroup;
			children = (
				6ECC8E1424943AB400470290 /* Light.app */,
				6ECC8E2A24943AB500470290 /* LightTests.xctest */,
				6ECC8E3524943AB500470290 /* LightUITests.xctest */,
			);
			name = Products;
			sourceTree = "<group>";
		};
		6ECC8E1624943AB400470290 /* Light */ = {
			isa = PBXGroup;
			children = (
				6ECC8E1724943AB400470290 /* AppDelegate.swift */,
				6ECC8E1924943AB400470290 /* SceneDelegate.swift */,
				6ECC8E1B24943AB400470290 /* ViewController.swift */,
				6ECC8E1D24943AB400470290 /* Main.storyboard */,
				6ECC8E2024943AB500470290 /* Assets.xcassets */,
				6ECC8E2224943AB500470290 /* LaunchScreen.storyboard */,
				6ECC8E2524943AB500470290 /* Info.plist */,
			);
			path = Light;
			sourceTree = "<group>";
		};
		6ECC8E2D24943AB500470290 /* LightTests */ = {
			isa = PBXGroup;
			children = (
				6ECC8E2E24943AB500470290 /* LightTests.swift */,
				6ECC8E3024943AB500470290 /* Info.plist */,
			);
			path = LightTests;
			sourceTree = "<group>";
		};
		6ECC8E3824943AB500470290 /* LightUITests */ = {
			isa = PBXGroup;
			children = (
				6ECC8E3924943AB500470290 /* LightUITests.swift */,
				6ECC8E3B24943AB500470290 /* Info.plist */,
			);
			path = LightUITests;
			sourceTree = "<group>";
		};
/* End PBXGroup section */

/* Begin PBXNativeTarget section */
		6ECC8E1324943AB400470290 /* Light */ = {
			isa = PBXNativeTarget;
			buildConfigurationList = 6ECC8E3E24943AB500470290 /* Build configuration list for PBXNativeTarget "Light" */;
			buildPhases = (
				6ECC8E1024943AB400470290 /* Sources */,
				6ECC8E1124943AB400470290 /* Frameworks */,
				6ECC8E1224943AB400470290 /* Resources */,
			);
			buildRules = (
			);
			dependencies = (
			);
			name = Light;
			productName = Light;
			productReference = 6ECC8E1424943AB400470290 /* Light.app */;
			productType = "com.apple.product-type.application";
		};
		6ECC8E2924943AB500470290 /* LightTests */ = {
			isa = PBXNativeTarget;
			buildConfigurationList = 6ECC8E4124943AB500470290 /* Build configuration list for PBXNativeTarget "LightTests" */;
			buildPhases = (
				6ECC8E2624943AB500470290 /* Sources */,
				6ECC8E2724943AB500470290 /* Frameworks */,
				6ECC8E2824943AB500470290 /* Resources */,
			);
			buildRules = (
			);
			dependencies = (
				6ECC8E2C24943AB500470290 /* PBXTargetDependency */,
			);
			name = LightTests;
			productName = LightTests;
			productReference = 6ECC8E2A24943AB500470290 /* LightTests.xctest */;
			productType = "com.apple.product-type.bundle.unit-test";
		};
		6ECC8E3424943AB500470290 /* LightUITests */ = {
			isa = PBXNativeTarget;
			buildConfigurationList = 6ECC8E4424943AB500470290 /* Build configuration list for PBXNativeTarget "LightUITests" */;
			buildPhases = (
				6ECC8E3124943AB500470290 /* Sources */,
				6ECC8E3224943AB500470290 /* Frameworks */,
				6ECC8E3324943AB500470290 /* Resources */,
			);
			buildRules = (
			);
			dependencies = (
				6ECC8E3724943AB500470290 /* PBXTargetDependency */,
			);
			name = LightUITests;
			productName = LightUITests;
			productReference = 6ECC8E3524943AB500470290 /* LightUITests.xctest */;
			productType = "com.apple.product-type.bundle.ui-testing";
		};
/* End PBXNativeTarget section */

/* Begin PBXProject section */
		6ECC8E0C24943AB400470290 /* Project object */ = {
			isa = PBXProject;
			attributes = {
				LastSwiftUpdateCheck = 1150;
				LastUpgradeCheck = 1150;
				ORGANIZATIONNAME = "Pablo Cortez";
				TargetAttributes = {
					6ECC8E1324943AB400470290 = {
						CreatedOnToolsVersion = 11.5;
					};
					6ECC8E2924943AB500470290 = {
						CreatedOnToolsVersion = 11.5;
						TestTargetID = 6ECC8E1324943AB400470290;
					};
					6ECC8E3424943AB500470290 = {
						CreatedOnToolsVersion = 11.5;
						TestTargetID = 6ECC8E1324943AB400470290;
					};
				};
			};
			buildConfigurationList = 6ECC8E0F24943AB400470290 /* Build configuration list for PBXProject "Light" */;
			compatibilityVersion = "Xcode 9.3";
			developmentRegion = en;
			hasScannedForEncodings = 0;
			knownRegions = (
				en,
				Base,
			);
			mainGroup = 6ECC8E0B24943AB400470290;
			productRefGroup = 6ECC8E1524943AB400470290 /* Products */;
			projectDirPath = "";
			projectRoot = "";
			targets = (
				6ECC8E1324943AB400470290 /* Light */,
				6ECC8E2924943AB500470290 /* LightTests */,
				6ECC8E3424943AB500470290 /* LightUITests */,
			);
		};
/* End PBXProject section */

/* Begin PBXResourcesBuildPhase section */
		6ECC8E1224943AB400470290 /* Resources */ = {
			isa = PBXResourcesBuildPhase;
			buildActionMask = 2147483647;
			files = (
				6ECC8E2424943AB500470290 /* LaunchScreen.storyboard in Resources */,
				6ECC8E2124943AB500470290 /* Assets.xcassets in Resources */,
				6ECC8E1F24943AB400470290 /* Main.storyboard in Resources */,
			);
			runOnlyForDeploymentPostprocessing = 0;
		};
		6ECC8E2824943AB500470290 /* Resources */ = {
			isa = PBXResourcesBuildPhase;
			buildActionMask = 2147483647;
			files = (
			);
			runOnlyForDeploymentPostprocessing = 0;
		};
		6ECC8E3324943AB500470290 /* Resources */ = {
			isa = PBXResourcesBuildPhase;
			buildActionMask = 2147483647;
			files = (
			);
			runOnlyForDeploymentPostprocessing = 0;
		};
/* End PBXResourcesBuildPhase section */

/* Begin PBXSourcesBuildPhase section */
		6ECC8E1024943AB400470290 /* Sources */ = {
			isa = PBXSourcesBuildPhase;
			buildActionMask = 2147483647;
			files = (
				6ECC8E1C24943AB400470290 /* ViewController.swift in Sources */,
				6ECC8E1824943AB400470290 /* AppDelegate.swift in Sources */,
				6ECC8E1A24943AB400470290 /* SceneDelegate.swift in Sources */,
			);
			runOnlyForDeploymentPostprocessing = 0;
		};
		6ECC8E2624943AB500470290 /* Sources */ = {
			isa = PBXSourcesBuildPhase;
			buildActionMask = 2147483647;
			files = (
				6ECC8E2F24943AB500470290 /* LightTests.swift in Sources */,
			);
			runOnlyForDeploymentPostprocessing = 0;
		};
		6ECC8E3124943AB500470290 /* Sources */ = {
			isa = PBXSourcesBuildPhase;
			buildActionMask = 2147483647;
			files = (
				6ECC8E3A24943AB500470290 /* LightUITests.swift in Sources */,
			);
			runOnlyForDeploymentPostprocessing = 0;
		};
/* End PBXSourcesBuildPhase section */

/* Begin PBXTargetDependency section */
		6ECC8E2C24943AB500470290 /* PBXTargetDependency */ = {
			isa = PBXTargetDependency;
			target = 6ECC8E1324943AB400470290 /* Light */;
			targetProxy = 6ECC8E2B24943AB500470290 /* PBXContainerItemProxy */;
		};
		6ECC8E3724943AB500470290 /* PBXTargetDependency */ = {
			isa = PBXTargetDependency;
			target = 6ECC8E1324943AB400470290 /* Light */;
			targetProxy = 6ECC8E3624943AB500470290 /* PBXContainerItemProxy */;
		};
/* End PBXTargetDependency section */

/* Begin PBXVariantGroup section */
		6ECC8E1D24943AB400470290 /* Main.storyboard */ = {
			isa = PBXVariantGroup;
			children = (
				6ECC8E1E24943AB400470290 /* Base */,
			);
			name = Main.storyboard;
			sourceTree = "<group>";
		};
		6ECC8E2224943AB500470290 /* LaunchScreen.storyboard */ = {
			isa = PBXVariantGroup;
			children = (
				6ECC8E2324943AB500470290 /* Base */,
			);
			name = LaunchScreen.storyboard;
			sourceTree = "<group>";
		};
/* End PBXVariantGroup section */

/* Begin XCBuildConfiguration section */
		6ECC8E3C24943AB500470290 /* Debug */ = {
			isa = XCBuildConfiguration;
			buildSettings = {
				ALWAYS_SEARCH_USER_PATHS = NO;
				CLANG_ANALYZER_NONNULL = YES;
				CLANG_ANALYZER_NUMBER_OBJECT_CONVERSION = YES_AGGRESSIVE;
				CLANG_CXX_LANGUAGE_STANDARD = "gnu++14";
				CLANG_CXX_LIBRARY = "libc++";
				CLANG_ENABLE_MODULES = YES;
				CLANG_ENABLE_OBJC_ARC = YES;
				CLANG_ENABLE_OBJC_WEAK = YES;
				CLANG_WARN_BLOCK_CAPTURE_AUTORELEASING = YES;
				CLANG_WARN_BOOL_CONVERSION = YES;
				CLANG_WARN_COMMA = YES;
				CLANG_WARN_CONSTANT_CONVERSION = YES;
				CLANG_WARN_DEPRECATED_OBJC_IMPLEMENTATIONS = YES;
				CLANG_WARN_DIRECT_OBJC_ISA_USAGE = YES_ERROR;
				CLANG_WARN_DOCUMENTATION_COMMENTS = YES;
				CLANG_WARN_EMPTY_BODY = YES;
				CLANG_WARN_ENUM_CONVERSION = YES;
				CLANG_WARN_INFINITE_RECURSION = YES;
				CLANG_WARN_INT_CONVERSION = YES;
				CLANG_WARN_NON_LITERAL_NULL_CONVERSION = YES;
				CLANG_WARN_OBJC_IMPLICIT_RETAIN_SELF = YES;
				CLANG_WARN_OBJC_LITERAL_CONVERSION = YES;
				CLANG_WARN_OBJC_ROOT_CLASS = YES_ERROR;
				CLANG_WARN_RANGE_LOOP_ANALYSIS = YES;
				CLANG_WARN_STRICT_PROTOTYPES = YES;
				CLANG_WARN_SUSPICIOUS_MOVE = YES;
				CLANG_WARN_UNGUARDED_AVAILABILITY = YES_AGGRESSIVE;
				CLANG_WARN_UNREACHABLE_CODE = YES;
				CLANG_WARN__DUPLICATE_METHOD_MATCH = YES;
				COPY_PHASE_STRIP = NO;
				DEBUG_INFORMATION_FORMAT = dwarf;
				ENABLE_STRICT_OBJC_MSGSEND = YES;
				ENABLE_TESTABILITY = YES;
				GCC_C_LANGUAGE_STANDARD = gnu11;
				GCC_DYNAMIC_NO_PIC = NO;
				GCC_NO_COMMON_BLOCKS = YES;
				GCC_OPTIMIZATION_LEVEL = 0;
				GCC_PREPROCESSOR_DEFINITIONS = (
					"DEBUG=1",
					"$(inherited)",
				);
				GCC_WARN_64_TO_32_BIT_CONVERSION = YES;
				GCC_WARN_ABOUT_RETURN_TYPE = YES_ERROR;
				GCC_WARN_UNDECLARED_SELECTOR = YES;
				GCC_WARN_UNINITIALIZED_AUTOS = YES_AGGRESSIVE;
				GCC_WARN_UNUSED_FUNCTION = YES;
				GCC_WARN_UNUSED_VARIABLE = YES;
				IPHONEOS_DEPLOYMENT_TARGET = 13.5;
				MTL_ENABLE_DEBUG_INFO = INCLUDE_SOURCE;
				MTL_FAST_MATH = YES;
				ONLY_ACTIVE_ARCH = YES;
				SDKROOT = iphoneos;
				SWIFT_ACTIVE_COMPILATION_CONDITIONS = DEBUG;
				SWIFT_OPTIMIZATION_LEVEL = "-Onone";
			};
			name = Debug;
		};
		6ECC8E3D24943AB500470290 /* Release */ = {
			isa = XCBuildConfiguration;
			buildSettings = {
				ALWAYS_SEARCH_USER_PATHS = NO;
				CLANG_ANALYZER_NONNULL = YES;
				CLANG_ANALYZER_NUMBER_OBJECT_CONVERSION = YES_AGGRESSIVE;
				CLANG_CXX_LANGUAGE_STANDARD = "gnu++14";
				CLANG_CXX_LIBRARY = "libc++";
				CLANG_ENABLE_MODULES = YES;
				CLANG_ENABLE_OBJC_ARC = YES;
				CLANG_ENABLE_OBJC_WEAK = YES;
				CLANG_WARN_BLOCK_CAPTURE_AUTORELEASING = YES;
				CLANG_WARN_BOOL_CONVERSION = YES;
				CLANG_WARN_COMMA = YES;
				CLANG_WARN_CONSTANT_CONVERSION = YES;
				CLANG_WARN_DEPRECATED_OBJC_IMPLEMENTATIONS = YES;
				CLANG_WARN_DIRECT_OBJC_ISA_USAGE = YES_ERROR;
				CLANG_WARN_DOCUMENTATION_COMMENTS = YES;
				CLANG_WARN_EMPTY_BODY = YES;
				CLANG_WARN_ENUM_CONVERSION = YES;
				CLANG_WARN_INFINITE_RECURSION = YES;
				CLANG_WARN_INT_CONVERSION = YES;
				CLANG_WARN_NON_LITERAL_NULL_CONVERSION = YES;
				CLANG_WARN_OBJC_IMPLICIT_RETAIN_SELF = YES;
				CLANG_WARN_OBJC_LITERAL_CONVERSION = YES;
				CLANG_WARN_OBJC_ROOT_CLASS = YES_ERROR;
				CLANG_WARN_RANGE_LOOP_ANALYSIS = YES;
				CLANG_WARN_STRICT_PROTOTYPES = YES;
				CLANG_WARN_SUSPICIOUS_MOVE = YES;
				CLANG_WARN_UNGUARDED_AVAILABILITY = YES_AGGRESSIVE;
				CLANG_WARN_UNREACHABLE_CODE = YES;
				CLANG_WARN__DUPLICATE_METHOD_MATCH = YES;
				COPY_PHASE_STRIP = NO;
				DEBUG_INFORMATION_FORMAT = "dwarf-with-dsym";
				ENABLE_NS_ASSERTIONS = NO;
				ENABLE_STRICT_OBJC_MSGSEND = YES;
				GCC_C_LANGUAGE_STANDARD = gnu11;
				GCC_NO_COMMON_BLOCKS = YES;
				GCC_WARN_64_TO_32_BIT_CONVERSION = YES;
				GCC_WARN_ABOUT_RETURN_TYPE = YES_ERROR;
				GCC_WARN_UNDECLARED_SELECTOR = YES;
				GCC_WARN_UNINITIALIZED_AUTOS = YES_AGGRESSIVE;
				GCC_WARN_UNUSED_FUNCTION = YES;
				GCC_WARN_UNUSED_VARIABLE = YES;
				IPHONEOS_DEPLOYMENT_TARGET = 13.5;
				MTL_ENABLE_DEBUG_INFO = NO;
				MTL_FAST_MATH = YES;
				SDKROOT = iphoneos;
				SWIFT_COMPILATION_MODE = wholemodule;
				SWIFT_OPTIMIZATION_LEVEL = "-O";
				VALIDATE_PRODUCT = YES;
			};
			name = Release;
		};
		6ECC8E3F24943AB500470290 /* Debug */ = {
			isa = XCBuildConfiguration;
			buildSettings = {
				ASSETCATALOG_COMPILER_APPICON_NAME = AppIcon;
				CODE_SIGN_STYLE = Automatic;
				DEVELOPMENT_TEAM = 42EM28B277;
				INFOPLIST_FILE = Light/Info.plist;
				IPHONEOS_DEPLOYMENT_TARGET = 13.4;
				LD_RUNPATH_SEARCH_PATHS = (
					"$(inherited)",
					"@executable_path/Frameworks",
				);
				PRODUCT_BUNDLE_IDENTIFIER = com.pablocortez.Light;
				PRODUCT_NAME = "$(TARGET_NAME)";
				SWIFT_VERSION = 5.0;
				TARGETED_DEVICE_FAMILY = "1,2";
			};
			name = Debug;
		};
		6ECC8E4024943AB500470290 /* Release */ = {
			isa = XCBuildConfiguration;
			buildSettings = {
				ASSETCATALOG_COMPILER_APPICON_NAME = AppIcon;
				CODE_SIGN_STYLE = Automatic;
				DEVELOPMENT_TEAM = 42EM28B277;
				INFOPLIST_FILE = Light/Info.plist;
				IPHONEOS_DEPLOYMENT_TARGET = 13.4;
				LD_RUNPATH_SEARCH_PATHS = (
					"$(inherited)",
					"@executable_path/Frameworks",
				);
				PRODUCT_BUNDLE_IDENTIFIER = com.pablocortez.Light;
				PRODUCT_NAME = "$(TARGET_NAME)";
				SWIFT_VERSION = 5.0;
				TARGETED_DEVICE_FAMILY = "1,2";
			};
			name = Release;
		};
		6ECC8E4224943AB500470290 /* Debug */ = {
			isa = XCBuildConfiguration;
			buildSettings = {
				ALWAYS_EMBED_SWIFT_STANDARD_LIBRARIES = YES;
				BUNDLE_LOADER = "$(TEST_HOST)";
				CODE_SIGN_STYLE = Automatic;
				DEVELOPMENT_TEAM = 42EM28B277;
				INFOPLIST_FILE = LightTests/Info.plist;
				IPHONEOS_DEPLOYMENT_TARGET = 13.5;
				LD_RUNPATH_SEARCH_PATHS = (
					"$(inherited)",
					"@executable_path/Frameworks",
					"@loader_path/Frameworks",
				);
				PRODUCT_BUNDLE_IDENTIFIER = com.pablocortez.LightTests;
				PRODUCT_NAME = "$(TARGET_NAME)";
				SWIFT_VERSION = 5.0;
				TARGETED_DEVICE_FAMILY = "1,2";
				TEST_HOST = "$(BUILT_PRODUCTS_DIR)/Light.app/Light";
			};
			name = Debug;
		};
		6ECC8E4324943AB500470290 /* Release */ = {
			isa = XCBuildConfiguration;
			buildSettings = {
				ALWAYS_EMBED_SWIFT_STANDARD_LIBRARIES = YES;
				BUNDLE_LOADER = "$(TEST_HOST)";
				CODE_SIGN_STYLE = Automatic;
				DEVELOPMENT_TEAM = 42EM28B277;
				INFOPLIST_FILE = LightTests/Info.plist;
				IPHONEOS_DEPLOYMENT_TARGET = 13.5;
				LD_RUNPATH_SEARCH_PATHS = (
					"$(inherited)",
					"@executable_path/Frameworks",
					"@loader_path/Frameworks",
				);
				PRODUCT_BUNDLE_IDENTIFIER = com.pablocortez.LightTests;
				PRODUCT_NAME = "$(TARGET_NAME)";
				SWIFT_VERSION = 5.0;
				TARGETED_DEVICE_FAMILY = "1,2";
				TEST_HOST = "$(BUILT_PRODUCTS_DIR)/Light.app/Light";
			};
			name = Release;
		};
		6ECC8E4524943AB500470290 /* Debug */ = {
			isa = XCBuildConfiguration;
			buildSettings = {
				ALWAYS_EMBED_SWIFT_STANDARD_LIBRARIES = YES;
				CODE_SIGN_STYLE = Automatic;
				DEVELOPMENT_TEAM = 42EM28B277;
				INFOPLIST_FILE = LightUITests/Info.plist;
				LD_RUNPATH_SEARCH_PATHS = (
					"$(inherited)",
					"@executable_path/Frameworks",
					"@loader_path/Frameworks",
				);
				PRODUCT_BUNDLE_IDENTIFIER = com.pablocortez.LightUITests;
				PRODUCT_NAME = "$(TARGET_NAME)";
				SWIFT_VERSION = 5.0;
				TARGETED_DEVICE_FAMILY = "1,2";
				TEST_TARGET_NAME = Light;
			};
			name = Debug;
		};
		6ECC8E4624943AB500470290 /* Release */ = {
			isa = XCBuildConfiguration;
			buildSettings = {
				ALWAYS_EMBED_SWIFT_STANDARD_LIBRARIES = YES;
				CODE_SIGN_STYLE = Automatic;
				DEVELOPMENT_TEAM = 42EM28B277;
				INFOPLIST_FILE = LightUITests/Info.plist;
				LD_RUNPATH_SEARCH_PATHS = (
					"$(inherited)",
					"@executable_path/Frameworks",
					"@loader_path/Frameworks",
				);
				PRODUCT_BUNDLE_IDENTIFIER = com.pablocortez.LightUITests;
				PRODUCT_NAME = "$(TARGET_NAME)";
				SWIFT_VERSION = 5.0;
				TARGETED_DEVICE_FAMILY = "1,2";
				TEST_TARGET_NAME = Light;
			};
			name = Release;
		};
/* End XCBuildConfiguration section */

/* Begin XCConfigurationList section */
		6ECC8E0F24943AB400470290 /* Build configuration list for PBXProject "Light" */ = {
			isa = XCConfigurationList;
			buildConfigurations = (
				6ECC8E3C24943AB500470290 /* Debug */,
				6ECC8E3D24943AB500470290 /* Release */,
			);
			defaultConfigurationIsVisible = 0;
			defaultConfigurationName = Release;
		};
		6ECC8E3E24943AB500470290 /* Build configuration list for PBXNativeTarget "Light" */ = {
			isa = XCConfigurationList;
			buildConfigurations = (
				6ECC8E3F24943AB500470290 /* Debug */,
				6ECC8E4024943AB500470290 /* Release */,
			);
			defaultConfigurationIsVisible = 0;
			defaultConfigurationName = Release;
		};
		6ECC8E4124943AB500470290 /* Build configuration list for PBXNativeTarget "LightTests" */ = {
			isa = XCConfigurationList;
			buildConfigurations = (
				6ECC8E4224943AB500470290 /* Debug */,
				6ECC8E4324943AB500470290 /* Release */,
			);
			defaultConfigurationIsVisible = 0;
			defaultConfigurationName = Release;
		};
		6ECC8E4424943AB500470290 /* Build configuration list for PBXNativeTarget "LightUITests" */ = {
			isa = XCConfigurationList;
			buildConfigurations = (
				6ECC8E4524943AB500470290 /* Debug */,
				6ECC8E4624943AB500470290 /* Release */,
			);
			defaultConfigurationIsVisible = 0;
			defaultConfigurationName = Release;
		};
/* End XCConfigurationList section */
	};
	rootObject = 6ECC8E0C24943AB400470290 /* Project object */;
}
